{
  "version": 4,
  "terraform_version": "1.1.5",
  "serial": 4,
  "lineage": "2c43ee9d-b151-ecb2-5c26-62a5cf0742ac",
  "outputs": {},
  "resources": [
    {
      "mode": "managed",
      "type": "aws_dynamodb_table",
      "name": "poc-react-aws-beers-table",
      "provider": "provider[\"registry.terraform.io/hashicorp/aws\"]",
      "instances": [
        {
          "schema_version": 1,
          "attributes": {
            "arn": "arn:aws:dynamodb:eu-west-1:567474859206:table/poc-react-aws-beers-table",
            "attribute": [
              {
                "name": "PartitionKey",
                "type": "S"
              },
              {
                "name": "SortKey",
                "type": "S"
              }
            ],
            "billing_mode": "PROVISIONED",
            "global_secondary_index": [],
            "hash_key": "PartitionKey",
            "id": "poc-react-aws-beers-table",
            "local_secondary_index": [],
            "name": "poc-react-aws-beers-table",
            "point_in_time_recovery": [
              {
                "enabled": false
              }
            ],
            "range_key": "SortKey",
            "read_capacity": 1,
            "replica": [],
            "restore_date_time": null,
            "restore_source_name": null,
            "restore_to_latest_time": null,
            "server_side_encryption": [],
            "stream_arn": "",
            "stream_enabled": false,
            "stream_label": "",
            "stream_view_type": "",
            "table_class": "",
            "tags": {
              "Environment": "dev",
              "Name": "poc-react-aws-beers-table"
            },
            "tags_all": {
              "Environment": "dev",
              "Name": "poc-react-aws-beers-table"
            },
            "timeouts": null,
            "ttl": [
              {
                "attribute_name": "",
                "enabled": false
              }
            ],
            "write_capacity": 1
          },
          "sensitive_attributes": [],
          "private": "eyJlMmJmYjczMC1lY2FhLTExZTYtOGY4OC0zNDM2M2JjN2M0YzAiOnsiY3JlYXRlIjoxODAwMDAwMDAwMDAwLCJkZWxldGUiOjYwMDAwMDAwMDAwMCwidXBkYXRlIjozNjAwMDAwMDAwMDAwfSwic2NoZW1hX3ZlcnNpb24iOiIxIn0="
        }
      ]
    }
  ]
}
